
Microsoft Visual Studio Solution File, Format Version 12.00
# Visual Studio Version 17
VisualStudioVersion = 17.3.32825.248
MinimumVisualStudioVersion = 10.0.40219.1
Project("{FAE04EC0-301F-11D3-BF4B-00C04F79EFBC}") = "PokemonFetching", "PokemonFetching\PokemonFetching.csproj", "{2395CBD5-645D-4257-9D94-8E76AE9891C1}"
EndProject
Global
	GlobalSection(SolutionConfigurationPlatforms) = preSolution
		Debug|Any CPU = Debug|Any CPU
		Release|Any CPU = Release|Any CPU
	EndGlobalSection
	GlobalSection(ProjectConfigurationPlatforms) = postSolution
		{2395CBD5-645D-4257-9D94-8E76AE9891C1}.Debug|Any CPU.ActiveCfg = Debug|Any CPU
		{2395CBD5-645D-4257-9D94-8E76AE9891C1}.Debug|Any CPU.Build.0 = Debug|Any CPU
		{2395CBD5-645D-4257-9D94-8E76AE9891C1}.Release|Any CPU.ActiveCfg = Release|Any CPU
		{2395CBD5-645D-4257-9D94-8E76AE9891C1}.Release|Any CPU.Build.0 = Release|Any CPU
	EndGlobalSection
	GlobalSection(SolutionProperties) = preSolution
		HideSolutionNode = FALSE
	EndGlobalSection
	GlobalSection(ExtensibilityGlobals) = postSolution
		SolutionGuid = {B8EA9275-D332-41F0-AF69-31CF4A8996F0}
	EndGlobalSection
EndGlobal
